spec = "lexlean/lock/2"
language = "1.2"
compiler_semantics = "392bad1e264c5676481c6b014717d5c3cc94a16df8a8a4d1bd38904938e8e087"
project_config_sha256 = "b79e1070aab27c02ec4396ee66aa4bad7b90f9bca923932529eb9eb26264761a"
lean_toolchain = "leanprover/lean4:v4.32.1"

[[workspace_file]]
path = "lake-manifest.json"
sha256 = "ac7caacf06642a34c667cd09037947644a53165eb068e2089a8751e9eeed0a31"

[[workspace_file]]
path = "lakefile.toml"
sha256 = "b825967fe4a0046eae27e7e306ff69b918af4cd3c01dee759165bad4425efdb2"

[[workspace_file]]
path = "lean-toolchain"
sha256 = "8e3538e0ab5f81a3ee04927d8838c8c674e0e112838b4b3ce87ec218143276af"

[[package]]
id = "lexlean.core"
version = "1.2.0"
kind = "builtin"
source = "embedded"
revision = "compiler-semantics"
tree_sha256 = "827317cae68c162f3a96c8a8de4e53ab348e7d3724fd2b834fa85ecde1a1b392"
manifest_sha256 = "271079763d269cc873531f515e56da960cd6321393b9460ff0e617666fa01d71"
imports = []

[[package]]
id = "lexlean.std.bool"
version = "1.2.0"
kind = "builtin"
source = "embedded"
revision = "compiler-semantics"
tree_sha256 = "3bc0fb09d706ffa7d5a1363302ea87c049acc7c7dcafde63c62682620c11be9b"
manifest_sha256 = "de58de2cf18a7a5a62d8c20649139d6dfe1f7b16b3130c75f150fbac5440a71e"
imports = ["lexlean.core@1.2.0"]

[[package]]
id = "lexlean.std.nat"
version = "1.2.0"
kind = "builtin"
source = "embedded"
revision = "compiler-semantics"
tree_sha256 = "e0db021e01b91d651c43921d66f6b0023c8efbf17cac2ec53192ce5305e4e1ac"
manifest_sha256 = "6fb446b39e3c1c18a5f10cfa1f7aa2bd431837719eb0eb7489aadf452c9420a7"
imports = ["lexlean.core@1.2.0", "lexlean.std.bool@1.2.0"]

[[package]]
id = "models.titles"
version = "1.0.0"
kind = "path"
source = "glossary/models.titles"
revision = "none"
tree_sha256 = "0b8dcd3efdfb82e5f572dcf1e598744aaba14c52e1c66f5300c5ed83d4b5e1be"
manifest_sha256 = "11e70231e1ed5143d977ac210d884196aec8b5e272ee6f9cb656c185aa8bdb26"
imports = ["lexlean.core@1.2.0", "lexlean.std.nat@1.2.0"]
